
Microsoft Visual Studio Solution File, Format Version 12.00
# Visual Studio Version 17
VisualStudioVersion = 17.2.32630.192
MinimumVisualStudioVersion = 10.0.40219.1
Project("{FAE04EC0-301F-11D3-BF4B-00C04F79EFBC}") = "AzureStorageExample", "AzureStorageExample\AzureStorageExample.csproj", "{D0479306-840E-45C3-9EAF-9B7279E35944}"
EndProject
Project("{FAE04EC0-301F-11D3-BF4B-00C04F79EFBC}") = "Storage.Repositories", "Storage.Repositories\Storage.Repositories.csproj", "{346508E1-6DBF-4EDD-A561-80A35C170813}"
EndProject
Global
	GlobalSection(SolutionConfigurationPlatforms) = preSolution
		Debug|Any CPU = Debug|Any CPU
		Release|Any CPU = Release|Any CPU
	EndGlobalSection
	GlobalSection(ProjectConfigurationPlatforms) = postSolution
		{D0479306-840E-45C3-9EAF-9B7279E35944}.Debug|Any CPU.ActiveCfg = Debug|Any CPU
		{D0479306-840E-45C3-9EAF-9B7279E35944}.Debug|Any CPU.Build.0 = Debug|Any CPU
		{D0479306-840E-45C3-9EAF-9B7279E35944}.Release|Any CPU.ActiveCfg = Release|Any CPU
		{D0479306-840E-45C3-9EAF-9B7279E35944}.Release|Any CPU.Build.0 = Release|Any CPU
		{346508E1-6DBF-4EDD-A561-80A35C170813}.Debug|Any CPU.ActiveCfg = Debug|Any CPU
		{346508E1-6DBF-4EDD-A561-80A35C170813}.Debug|Any CPU.Build.0 = Debug|Any CPU
		{346508E1-6DBF-4EDD-A561-80A35C170813}.Release|Any CPU.ActiveCfg = Release|Any CPU
		{346508E1-6DBF-4EDD-A561-80A35C170813}.Release|Any CPU.Build.0 = Release|Any CPU
	EndGlobalSection
	GlobalSection(SolutionProperties) = preSolution
		HideSolutionNode = FALSE
	EndGlobalSection
	GlobalSection(ExtensibilityGlobals) = postSolution
		SolutionGuid = {02666D67-88FA-4AC4-8491-51D8FF3748F3}
	EndGlobalSection
EndGlobal
